
Microsoft Visual Studio Solution File, Format Version 11.00
# Visual Studio 2010
Project("{2150E333-8FDC-42A3-9474-1A3956D46DE8}") = "Test", "Test", "{7AED86AE-F054-4E67-8488-32856509D821}"
EndProject
Project("{2150E333-8FDC-42A3-9474-1A3956D46DE8}") = "Demo", "Demo", "{05B867D6-B78E-4CC3-83A3-CA9113FB2DC0}"
EndProject
Project("{FAE04EC0-301F-11D3-BF4B-00C04F79EFBC}") = "MatthiasToolbox.DiningPhilosophers", "MatthiasToolbox.DiningPhilosophers\MatthiasToolbox.DiningPhilosophers.csproj", "{A0691BDC-9363-4186-9348-7B4C4F15FC05}"
EndProject
Project("{FAE04EC0-301F-11D3-BF4B-00C04F79EFBC}") = "MatthiasToolbox.SQSSModel", "MatthiasToolbox.SQSSModel\MatthiasToolbox.SQSSModel.csproj", "{A48922BC-5085-4E8F-A66F-1E38AF0B16FE}"
EndProject
Project("{FAE04EC0-301F-11D3-BF4B-00C04F79EFBC}") = "MatthiasToolbox.Money", "MatthiasToolbox.Money\MatthiasToolbox.Money.csproj", "{E9B97911-80D4-41A0-B27A-43571A67A0BB}"
EndProject
Project("{FAE04EC0-301F-11D3-BF4B-00C04F79EFBC}") = "MatthiasToolbox.EmergencyDepartment", "MatthiasToolbox.EmergencyDepartment\MatthiasToolbox.EmergencyDepartment.csproj", "{955C2BC2-AE22-45C8-8436-6DE03EB78D54}"
EndProject
Project("{FAE04EC0-301F-11D3-BF4B-00C04F79EFBC}") = "MatthiasToolbox.NetworkDriver", "MatthiasToolbox.NetworkDriver\MatthiasToolbox.NetworkDriver.csproj", "{B6D5EF00-3177-4E2F-9BF7-1AEC6B8FE2E7}"
EndProject
Project("{2150E333-8FDC-42A3-9474-1A3956D46DE8}") = "3rdParty", "3rdParty", "{E2425086-B6AC-49E9-B27F-84E96D0736A4}"
EndProject
Project("{2150E333-8FDC-42A3-9474-1A3956D46DE8}") = "Deploy", "Deploy", "{84ACB0FB-A43E-46F9-93FB-96310E64E239}"
EndProject
Project("{FAE04EC0-301F-11D3-BF4B-00C04F79EFBC}") = "MatthiasToolbox.Deployment", "MatthiasToolbox.Deployment\MatthiasToolbox.Deployment.csproj", "{A243D409-B26E-421F-8CAA-4A7CFCB49C60}"
EndProject
Project("{FAE04EC0-301F-11D3-BF4B-00C04F79EFBC}") = "MatthiasToolbox.Mathematics", "MatthiasToolbox.Mathematics\MatthiasToolbox.Mathematics.csproj", "{D58A644A-F535-433A-AE39-886205788944}"
EndProject
Project("{FAE04EC0-301F-11D3-BF4B-00C04F79EFBC}") = "MatthiasToolbox.Simulation", "MatthiasToolbox.Simulation\MatthiasToolbox.Simulation.csproj", "{B1AFB3C1-E1B4-4026-87C5-DD6B58554447}"
EndProject
Project("{FAE04EC0-301F-11D3-BF4B-00C04F79EFBC}") = "MatthiasToolbox.Optimization", "MatthiasToolbox.Optimization\MatthiasToolbox.Optimization.csproj", "{889022C7-AC60-4DC3-8C23-5A9860D0363F}"
EndProject
Project("{FAE04EC0-301F-11D3-BF4B-00C04F79EFBC}") = "MatthiasToolbox.Logging", "MatthiasToolbox.Logging\MatthiasToolbox.Logging.csproj", "{2E84A9E4-4AFF-4C8C-86DF-CF9A2F76E13F}"
EndProject
Project("{FAE04EC0-301F-11D3-BF4B-00C04F79EFBC}") = "MatthiasToolbox.Delta", "MatthiasToolbox.Delta\MatthiasToolbox.Delta.csproj", "{870E94DE-04CC-4418-B979-1954114DB5E1}"
EndProject
Project("{FAE04EC0-301F-11D3-BF4B-00C04F79EFBC}") = "MatthiasToolbox.Learning", "MatthiasToolbox.Learning\MatthiasToolbox.Learning.csproj", "{B7026D63-CF66-4F0E-8781-CB0039B03F3D}"
EndProject
Project("{FAE04EC0-301F-11D3-BF4B-00C04F79EFBC}") = "MatthiasToolbox.Basics", "MatthiasToolbox.Basics\MatthiasToolbox.Basics.csproj", "{A586114F-2020-42B5-A7FB-06B49D58A193}"
EndProject
Project("{FAE04EC0-301F-11D3-BF4B-00C04F79EFBC}") = "MatthiasToolbox.Cryptography", "MatthiasToolbox.Cryptography\MatthiasToolbox.Cryptography.csproj", "{62AB420B-D8C3-4A39-B352-4A6379F17AD1}"
EndProject
Project("{FAE04EC0-301F-11D3-BF4B-00C04F79EFBC}") = "MatthiasToolbox.Presentation", "MatthiasToolbox.Presentation\MatthiasToolbox.Presentation.csproj", "{2AEFEDAF-C033-4DC1-A344-5D0CC491C77B}"
EndProject
Project("{FAE04EC0-301F-11D3-BF4B-00C04F79EFBC}") = "MatthiasToolbox.Utilities", "MatthiasToolbox.Utilities\MatthiasToolbox.Utilities.csproj", "{B8661FC0-252E-4905-ADB6-6B5F22811756}"
EndProject
Project("{FAE04EC0-301F-11D3-BF4B-00C04F79EFBC}") = "MatthiasToolbox.Statistics", "MatthiasToolbox.Statistics\MatthiasToolbox.Statistics.csproj", "{992F79F9-10BE-4B62-BCC0-FCA257F18286}"
EndProject
Project("{FAE04EC0-301F-11D3-BF4B-00C04F79EFBC}") = "MatthiasToolbox.SimOptExample", "MatthiasToolbox.SimOptExample\MatthiasToolbox.SimOptExample.csproj", "{2A246E44-2809-445B-B9CA-D29AAAA9B1FB}"
EndProject
Project("{FAE04EC0-301F-11D3-BF4B-00C04F79EFBC}") = "MatthiasToolbox.HashUtil", "MatthiasToolbox.HashUtil\MatthiasToolbox.HashUtil.csproj", "{0F5AD584-0BDC-4D1C-B711-B82453A7979F}"
EndProject
Project("{FAE04EC0-301F-11D3-BF4B-00C04F79EFBC}") = "MatthiasToolbox.DeltaWizard", "MatthiasToolbox.DeltaWizard\MatthiasToolbox.DeltaWizard.csproj", "{7D2EF452-5DDB-4E71-88CC-B5641B0A4F19}"
EndProject
Project("{FAE04EC0-301F-11D3-BF4B-00C04F79EFBC}") = "MatthiasToolbox.DiffWizard", "MatthiasToolbox.DiffWizard\MatthiasToolbox.DiffWizard.csproj", "{40BFFAD1-3370-444A-A75F-CFE93909BF39}"
EndProject
Global
	GlobalSection(SolutionConfigurationPlatforms) = preSolution
		Debug|Any CPU = Debug|Any CPU
		Debug|Mixed Platforms = Debug|Mixed Platforms
		Debug|x64 = Debug|x64
		Debug|x86 = Debug|x86
		Release|Any CPU = Release|Any CPU
		Release|Mixed Platforms = Release|Mixed Platforms
		Release|x64 = Release|x64
		Release|x86 = Release|x86
	EndGlobalSection
	GlobalSection(ProjectConfigurationPlatforms) = postSolution
		{A0691BDC-9363-4186-9348-7B4C4F15FC05}.Debug|Any CPU.ActiveCfg = Debug|Any CPU
		{A0691BDC-9363-4186-9348-7B4C4F15FC05}.Debug|Any CPU.Build.0 = Debug|Any CPU
		{A0691BDC-9363-4186-9348-7B4C4F15FC05}.Debug|Mixed Platforms.ActiveCfg = Debug|x86
		{A0691BDC-9363-4186-9348-7B4C4F15FC05}.Debug|Mixed Platforms.Build.0 = Debug|x86
		{A0691BDC-9363-4186-9348-7B4C4F15FC05}.Debug|x64.ActiveCfg = Debug|x64
		{A0691BDC-9363-4186-9348-7B4C4F15FC05}.Debug|x64.Build.0 = Debug|x64
		{A0691BDC-9363-4186-9348-7B4C4F15FC05}.Debug|x86.ActiveCfg = Debug|x86
		{A0691BDC-9363-4186-9348-7B4C4F15FC05}.Debug|x86.Build.0 = Debug|x86
		{A0691BDC-9363-4186-9348-7B4C4F15FC05}.Release|Any CPU.ActiveCfg = Release|Any CPU
		{A0691BDC-9363-4186-9348-7B4C4F15FC05}.Release|Any CPU.Build.0 = Release|Any CPU
		{A0691BDC-9363-4186-9348-7B4C4F15FC05}.Release|Mixed Platforms.ActiveCfg = Release|x86
		{A0691BDC-9363-4186-9348-7B4C4F15FC05}.Release|Mixed Platforms.Build.0 = Release|x86
		{A0691BDC-9363-4186-9348-7B4C4F15FC05}.Release|x64.ActiveCfg = Release|x64
		{A0691BDC-9363-4186-9348-7B4C4F15FC05}.Release|x64.Build.0 = Release|x64
		{A0691BDC-9363-4186-9348-7B4C4F15FC05}.Release|x86.ActiveCfg = Release|x86
		{A0691BDC-9363-4186-9348-7B4C4F15FC05}.Release|x86.Build.0 = Release|x86
		{A48922BC-5085-4E8F-A66F-1E38AF0B16FE}.Debug|Any CPU.ActiveCfg = Debug|Any CPU
		{A48922BC-5085-4E8F-A66F-1E38AF0B16FE}.Debug|Any CPU.Build.0 = Debug|Any CPU
		{A48922BC-5085-4E8F-A66F-1E38AF0B16FE}.Debug|Mixed Platforms.ActiveCfg = Debug|x86
		{A48922BC-5085-4E8F-A66F-1E38AF0B16FE}.Debug|Mixed Platforms.Build.0 = Debug|x86
		{A48922BC-5085-4E8F-A66F-1E38AF0B16FE}.Debug|x64.ActiveCfg = Debug|x64
		{A48922BC-5085-4E8F-A66F-1E38AF0B16FE}.Debug|x64.Build.0 = Debug|x64
		{A48922BC-5085-4E8F-A66F-1E38AF0B16FE}.Debug|x86.ActiveCfg = Debug|x86
		{A48922BC-5085-4E8F-A66F-1E38AF0B16FE}.Debug|x86.Build.0 = Debug|x86
		{A48922BC-5085-4E8F-A66F-1E38AF0B16FE}.Release|Any CPU.ActiveCfg = Release|Any CPU
		{A48922BC-5085-4E8F-A66F-1E38AF0B16FE}.Release|Any CPU.Build.0 = Release|Any CPU
		{A48922BC-5085-4E8F-A66F-1E38AF0B16FE}.Release|Mixed Platforms.ActiveCfg = Release|x86
		{A48922BC-5085-4E8F-A66F-1E38AF0B16FE}.Release|Mixed Platforms.Build.0 = Release|x86
		{A48922BC-5085-4E8F-A66F-1E38AF0B16FE}.Release|x64.ActiveCfg = Release|x64
		{A48922BC-5085-4E8F-A66F-1E38AF0B16FE}.Release|x64.Build.0 = Release|x64
		{A48922BC-5085-4E8F-A66F-1E38AF0B16FE}.Release|x86.ActiveCfg = Release|x86
		{A48922BC-5085-4E8F-A66F-1E38AF0B16FE}.Release|x86.Build.0 = Release|x86
		{E9B97911-80D4-41A0-B27A-43571A67A0BB}.Debug|Any CPU.ActiveCfg = Debug|x86
		{E9B97911-80D4-41A0-B27A-43571A67A0BB}.Debug|Any CPU.Build.0 = Debug|x86
		{E9B97911-80D4-41A0-B27A-43571A67A0BB}.Debug|Mixed Platforms.ActiveCfg = Debug|x86
		{E9B97911-80D4-41A0-B27A-43571A67A0BB}.Debug|Mixed Platforms.Build.0 = Debug|x86
		{E9B97911-80D4-41A0-B27A-43571A67A0BB}.Debug|x64.ActiveCfg = Debug|x64
		{E9B97911-80D4-41A0-B27A-43571A67A0BB}.Debug|x64.Build.0 = Debug|x64
		{E9B97911-80D4-41A0-B27A-43571A67A0BB}.Debug|x86.ActiveCfg = Debug|x86
		{E9B97911-80D4-41A0-B27A-43571A67A0BB}.Debug|x86.Build.0 = Debug|x86
		{E9B97911-80D4-41A0-B27A-43571A67A0BB}.Release|Any CPU.ActiveCfg = Release|x86
		{E9B97911-80D4-41A0-B27A-43571A67A0BB}.Release|Any CPU.Build.0 = Release|x86
		{E9B97911-80D4-41A0-B27A-43571A67A0BB}.Release|Mixed Platforms.ActiveCfg = Release|x86
		{E9B97911-80D4-41A0-B27A-43571A67A0BB}.Release|Mixed Platforms.Build.0 = Release|x86
		{E9B97911-80D4-41A0-B27A-43571A67A0BB}.Release|x64.ActiveCfg = Release|x64
		{E9B97911-80D4-41A0-B27A-43571A67A0BB}.Release|x64.Build.0 = Release|x64
		{E9B97911-80D4-41A0-B27A-43571A67A0BB}.Release|x86.ActiveCfg = Release|x86
		{E9B97911-80D4-41A0-B27A-43571A67A0BB}.Release|x86.Build.0 = Release|x86
		{955C2BC2-AE22-45C8-8436-6DE03EB78D54}.Debug|Any CPU.ActiveCfg = Debug|Any CPU
		{955C2BC2-AE22-45C8-8436-6DE03EB78D54}.Debug|Any CPU.Build.0 = Debug|Any CPU
		{955C2BC2-AE22-45C8-8436-6DE03EB78D54}.Debug|Mixed Platforms.ActiveCfg = Debug|Any CPU
		{955C2BC2-AE22-45C8-8436-6DE03EB78D54}.Debug|Mixed Platforms.Build.0 = Debug|Any CPU
		{955C2BC2-AE22-45C8-8436-6DE03EB78D54}.Debug|x64.ActiveCfg = Debug|x64
		{955C2BC2-AE22-45C8-8436-6DE03EB78D54}.Debug|x64.Build.0 = Debug|x64
		{955C2BC2-AE22-45C8-8436-6DE03EB78D54}.Debug|x86.ActiveCfg = Debug|x86
		{955C2BC2-AE22-45C8-8436-6DE03EB78D54}.Debug|x86.Build.0 = Debug|x86
		{955C2BC2-AE22-45C8-8436-6DE03EB78D54}.Release|Any CPU.ActiveCfg = Release|Any CPU
		{955C2BC2-AE22-45C8-8436-6DE03EB78D54}.Release|Any CPU.Build.0 = Release|Any CPU
		{955C2BC2-AE22-45C8-8436-6DE03EB78D54}.Release|Mixed Platforms.ActiveCfg = Release|Any CPU
		{955C2BC2-AE22-45C8-8436-6DE03EB78D54}.Release|Mixed Platforms.Build.0 = Release|Any CPU
		{955C2BC2-AE22-45C8-8436-6DE03EB78D54}.Release|x64.ActiveCfg = Release|x64
		{955C2BC2-AE22-45C8-8436-6DE03EB78D54}.Release|x64.Build.0 = Release|x64
		{955C2BC2-AE22-45C8-8436-6DE03EB78D54}.Release|x86.ActiveCfg = Release|x86
		{955C2BC2-AE22-45C8-8436-6DE03EB78D54}.Release|x86.Build.0 = Release|x86
		{B6D5EF00-3177-4E2F-9BF7-1AEC6B8FE2E7}.Debug|Any CPU.ActiveCfg = Debug|x86
		{B6D5EF00-3177-4E2F-9BF7-1AEC6B8FE2E7}.Debug|Mixed Platforms.ActiveCfg = Debug|x86
		{B6D5EF00-3177-4E2F-9BF7-1AEC6B8FE2E7}.Debug|Mixed Platforms.Build.0 = Debug|x86
		{B6D5EF00-3177-4E2F-9BF7-1AEC6B8FE2E7}.Debug|x64.ActiveCfg = Debug|x64
		{B6D5EF00-3177-4E2F-9BF7-1AEC6B8FE2E7}.Debug|x64.Build.0 = Debug|x64
		{B6D5EF00-3177-4E2F-9BF7-1AEC6B8FE2E7}.Debug|x86.ActiveCfg = Debug|x86
		{B6D5EF00-3177-4E2F-9BF7-1AEC6B8FE2E7}.Debug|x86.Build.0 = Debug|x86
		{B6D5EF00-3177-4E2F-9BF7-1AEC6B8FE2E7}.Release|Any CPU.ActiveCfg = Release|x86
		{B6D5EF00-3177-4E2F-9BF7-1AEC6B8FE2E7}.Release|Mixed Platforms.ActiveCfg = Release|x86
		{B6D5EF00-3177-4E2F-9BF7-1AEC6B8FE2E7}.Release|Mixed Platforms.Build.0 = Release|x86
		{B6D5EF00-3177-4E2F-9BF7-1AEC6B8FE2E7}.Release|x64.ActiveCfg = Release|x64
		{B6D5EF00-3177-4E2F-9BF7-1AEC6B8FE2E7}.Release|x64.Build.0 = Release|x64
		{B6D5EF00-3177-4E2F-9BF7-1AEC6B8FE2E7}.Release|x86.ActiveCfg = Release|x86
		{B6D5EF00-3177-4E2F-9BF7-1AEC6B8FE2E7}.Release|x86.Build.0 = Release|x86
		{A243D409-B26E-421F-8CAA-4A7CFCB49C60}.Debug|Any CPU.ActiveCfg = Debug|x86
		{A243D409-B26E-421F-8CAA-4A7CFCB49C60}.Debug|Mixed Platforms.ActiveCfg = Debug|x86
		{A243D409-B26E-421F-8CAA-4A7CFCB49C60}.Debug|Mixed Platforms.Build.0 = Debug|x86
		{A243D409-B26E-421F-8CAA-4A7CFCB49C60}.Debug|x64.ActiveCfg = Debug|x64
		{A243D409-B26E-421F-8CAA-4A7CFCB49C60}.Debug|x64.Build.0 = Debug|x64
		{A243D409-B26E-421F-8CAA-4A7CFCB49C60}.Debug|x86.ActiveCfg = Debug|x86
		{A243D409-B26E-421F-8CAA-4A7CFCB49C60}.Debug|x86.Build.0 = Debug|x86
		{A243D409-B26E-421F-8CAA-4A7CFCB49C60}.Release|Any CPU.ActiveCfg = Release|x86
		{A243D409-B26E-421F-8CAA-4A7CFCB49C60}.Release|Mixed Platforms.ActiveCfg = Release|x86
		{A243D409-B26E-421F-8CAA-4A7CFCB49C60}.Release|Mixed Platforms.Build.0 = Release|x86
		{A243D409-B26E-421F-8CAA-4A7CFCB49C60}.Release|x64.ActiveCfg = Release|x64
		{A243D409-B26E-421F-8CAA-4A7CFCB49C60}.Release|x64.Build.0 = Release|x64
		{A243D409-B26E-421F-8CAA-4A7CFCB49C60}.Release|x86.ActiveCfg = Release|x86
		{A243D409-B26E-421F-8CAA-4A7CFCB49C60}.Release|x86.Build.0 = Release|x86
		{D58A644A-F535-433A-AE39-886205788944}.Debug|Any CPU.ActiveCfg = Debug|Any CPU
		{D58A644A-F535-433A-AE39-886205788944}.Debug|Any CPU.Build.0 = Debug|Any CPU
		{D58A644A-F535-433A-AE39-886205788944}.Debug|Mixed Platforms.ActiveCfg = Debug|Any CPU
		{D58A644A-F535-433A-AE39-886205788944}.Debug|Mixed Platforms.Build.0 = Debug|Any CPU
		{D58A644A-F535-433A-AE39-886205788944}.Debug|x64.ActiveCfg = Debug|x64
		{D58A644A-F535-433A-AE39-886205788944}.Debug|x64.Build.0 = Debug|x64
		{D58A644A-F535-433A-AE39-886205788944}.Debug|x86.ActiveCfg = Debug|x86
		{D58A644A-F535-433A-AE39-886205788944}.Debug|x86.Build.0 = Debug|x86
		{D58A644A-F535-433A-AE39-886205788944}.Release|Any CPU.ActiveCfg = Release|Any CPU
		{D58A644A-F535-433A-AE39-886205788944}.Release|Any CPU.Build.0 = Release|Any CPU
		{D58A644A-F535-433A-AE39-886205788944}.Release|Mixed Platforms.ActiveCfg = Release|Any CPU
		{D58A644A-F535-433A-AE39-886205788944}.Release|Mixed Platforms.Build.0 = Release|Any CPU
		{D58A644A-F535-433A-AE39-886205788944}.Release|x64.ActiveCfg = Release|x64
		{D58A644A-F535-433A-AE39-886205788944}.Release|x64.Build.0 = Release|x64
		{D58A644A-F535-433A-AE39-886205788944}.Release|x86.ActiveCfg = Release|x86
		{D58A644A-F535-433A-AE39-886205788944}.Release|x86.Build.0 = Release|x86
		{B1AFB3C1-E1B4-4026-87C5-DD6B58554447}.Debug|Any CPU.ActiveCfg = Debug|Any CPU
		{B1AFB3C1-E1B4-4026-87C5-DD6B58554447}.Debug|Any CPU.Build.0 = Debug|Any CPU
		{B1AFB3C1-E1B4-4026-87C5-DD6B58554447}.Debug|Mixed Platforms.ActiveCfg = Debug|Any CPU
		{B1AFB3C1-E1B4-4026-87C5-DD6B58554447}.Debug|Mixed Platforms.Build.0 = Debug|Any CPU
		{B1AFB3C1-E1B4-4026-87C5-DD6B58554447}.Debug|x64.ActiveCfg = Debug|x64
		{B1AFB3C1-E1B4-4026-87C5-DD6B58554447}.Debug|x64.Build.0 = Debug|x64
		{B1AFB3C1-E1B4-4026-87C5-DD6B58554447}.Debug|x86.ActiveCfg = Debug|x86
		{B1AFB3C1-E1B4-4026-87C5-DD6B58554447}.Debug|x86.Build.0 = Debug|x86
		{B1AFB3C1-E1B4-4026-87C5-DD6B58554447}.Release|Any CPU.ActiveCfg = Release|Any CPU
		{B1AFB3C1-E1B4-4026-87C5-DD6B58554447}.Release|Any CPU.Build.0 = Release|Any CPU
		{B1AFB3C1-E1B4-4026-87C5-DD6B58554447}.Release|Mixed Platforms.ActiveCfg = Release|Any CPU
		{B1AFB3C1-E1B4-4026-87C5-DD6B58554447}.Release|Mixed Platforms.Build.0 = Release|Any CPU
		{B1AFB3C1-E1B4-4026-87C5-DD6B58554447}.Release|x64.ActiveCfg = Release|x64
		{B1AFB3C1-E1B4-4026-87C5-DD6B58554447}.Release|x64.Build.0 = Release|x64
		{B1AFB3C1-E1B4-4026-87C5-DD6B58554447}.Release|x86.ActiveCfg = Release|x86
		{B1AFB3C1-E1B4-4026-87C5-DD6B58554447}.Release|x86.Build.0 = Release|x86
		{889022C7-AC60-4DC3-8C23-5A9860D0363F}.Debug|Any CPU.ActiveCfg = Debug|Any CPU
		{889022C7-AC60-4DC3-8C23-5A9860D0363F}.Debug|Any CPU.Build.0 = Debug|Any CPU
		{889022C7-AC60-4DC3-8C23-5A9860D0363F}.Debug|Mixed Platforms.ActiveCfg = Debug|Any CPU
		{889022C7-AC60-4DC3-8C23-5A9860D0363F}.Debug|Mixed Platforms.Build.0 = Debug|Any CPU
		{889022C7-AC60-4DC3-8C23-5A9860D0363F}.Debug|x64.ActiveCfg = Debug|x64
		{889022C7-AC60-4DC3-8C23-5A9860D0363F}.Debug|x64.Build.0 = Debug|x64
		{889022C7-AC60-4DC3-8C23-5A9860D0363F}.Debug|x86.ActiveCfg = Debug|x86
		{889022C7-AC60-4DC3-8C23-5A9860D0363F}.Debug|x86.Build.0 = Debug|x86
		{889022C7-AC60-4DC3-8C23-5A9860D0363F}.Release|Any CPU.ActiveCfg = Release|Any CPU
		{889022C7-AC60-4DC3-8C23-5A9860D0363F}.Release|Any CPU.Build.0 = Release|Any CPU
		{889022C7-AC60-4DC3-8C23-5A9860D0363F}.Release|Mixed Platforms.ActiveCfg = Release|Any CPU
		{889022C7-AC60-4DC3-8C23-5A9860D0363F}.Release|Mixed Platforms.Build.0 = Release|Any CPU
		{889022C7-AC60-4DC3-8C23-5A9860D0363F}.Release|x64.ActiveCfg = Release|x64
		{889022C7-AC60-4DC3-8C23-5A9860D0363F}.Release|x64.Build.0 = Release|x64
		{889022C7-AC60-4DC3-8C23-5A9860D0363F}.Release|x86.ActiveCfg = Release|x86
		{889022C7-AC60-4DC3-8C23-5A9860D0363F}.Release|x86.Build.0 = Release|x86
		{2E84A9E4-4AFF-4C8C-86DF-CF9A2F76E13F}.Debug|Any CPU.ActiveCfg = Debug|Any CPU
		{2E84A9E4-4AFF-4C8C-86DF-CF9A2F76E13F}.Debug|Any CPU.Build.0 = Debug|Any CPU
		{2E84A9E4-4AFF-4C8C-86DF-CF9A2F76E13F}.Debug|Mixed Platforms.ActiveCfg = Debug|Any CPU
		{2E84A9E4-4AFF-4C8C-86DF-CF9A2F76E13F}.Debug|Mixed Platforms.Build.0 = Debug|Any CPU
		{2E84A9E4-4AFF-4C8C-86DF-CF9A2F76E13F}.Debug|x64.ActiveCfg = Debug|x64
		{2E84A9E4-4AFF-4C8C-86DF-CF9A2F76E13F}.Debug|x64.Build.0 = Debug|x64
		{2E84A9E4-4AFF-4C8C-86DF-CF9A2F76E13F}.Debug|x86.ActiveCfg = Debug|x86
		{2E84A9E4-4AFF-4C8C-86DF-CF9A2F76E13F}.Debug|x86.Build.0 = Debug|x86
		{2E84A9E4-4AFF-4C8C-86DF-CF9A2F76E13F}.Release|Any CPU.ActiveCfg = Release|Any CPU
		{2E84A9E4-4AFF-4C8C-86DF-CF9A2F76E13F}.Release|Any CPU.Build.0 = Release|Any CPU
		{2E84A9E4-4AFF-4C8C-86DF-CF9A2F76E13F}.Release|Mixed Platforms.ActiveCfg = Release|Any CPU
		{2E84A9E4-4AFF-4C8C-86DF-CF9A2F76E13F}.Release|Mixed Platforms.Build.0 = Release|Any CPU
		{2E84A9E4-4AFF-4C8C-86DF-CF9A2F76E13F}.Release|x64.ActiveCfg = Release|x64
		{2E84A9E4-4AFF-4C8C-86DF-CF9A2F76E13F}.Release|x64.Build.0 = Release|x64
		{2E84A9E4-4AFF-4C8C-86DF-CF9A2F76E13F}.Release|x86.ActiveCfg = Release|x86
		{2E84A9E4-4AFF-4C8C-86DF-CF9A2F76E13F}.Release|x86.Build.0 = Release|x86
		{870E94DE-04CC-4418-B979-1954114DB5E1}.Debug|Any CPU.ActiveCfg = Debug|Any CPU
		{870E94DE-04CC-4418-B979-1954114DB5E1}.Debug|Any CPU.Build.0 = Debug|Any CPU
		{870E94DE-04CC-4418-B979-1954114DB5E1}.Debug|Mixed Platforms.ActiveCfg = Debug|Any CPU
		{870E94DE-04CC-4418-B979-1954114DB5E1}.Debug|Mixed Platforms.Build.0 = Debug|Any CPU
		{870E94DE-04CC-4418-B979-1954114DB5E1}.Debug|x64.ActiveCfg = Debug|x64
		{870E94DE-04CC-4418-B979-1954114DB5E1}.Debug|x64.Build.0 = Debug|x64
		{870E94DE-04CC-4418-B979-1954114DB5E1}.Debug|x86.ActiveCfg = Debug|x86
		{870E94DE-04CC-4418-B979-1954114DB5E1}.Debug|x86.Build.0 = Debug|x86
		{870E94DE-04CC-4418-B979-1954114DB5E1}.Release|Any CPU.ActiveCfg = Release|Any CPU
		{870E94DE-04CC-4418-B979-1954114DB5E1}.Release|Any CPU.Build.0 = Release|Any CPU
		{870E94DE-04CC-4418-B979-1954114DB5E1}.Release|Mixed Platforms.ActiveCfg = Release|Any CPU
		{870E94DE-04CC-4418-B979-1954114DB5E1}.Release|Mixed Platforms.Build.0 = Release|Any CPU
		{870E94DE-04CC-4418-B979-1954114DB5E1}.Release|x64.ActiveCfg = Release|x64
		{870E94DE-04CC-4418-B979-1954114DB5E1}.Release|x64.Build.0 = Release|x64
		{870E94DE-04CC-4418-B979-1954114DB5E1}.Release|x86.ActiveCfg = Release|x86
		{870E94DE-04CC-4418-B979-1954114DB5E1}.Release|x86.Build.0 = Release|x86
		{B7026D63-CF66-4F0E-8781-CB0039B03F3D}.Debug|Any CPU.ActiveCfg = Debug|Any CPU
		{B7026D63-CF66-4F0E-8781-CB0039B03F3D}.Debug|Any CPU.Build.0 = Debug|Any CPU
		{B7026D63-CF66-4F0E-8781-CB0039B03F3D}.Debug|Mixed Platforms.ActiveCfg = Debug|Any CPU
		{B7026D63-CF66-4F0E-8781-CB0039B03F3D}.Debug|Mixed Platforms.Build.0 = Debug|Any CPU
		{B7026D63-CF66-4F0E-8781-CB0039B03F3D}.Debug|x64.ActiveCfg = Debug|x64
		{B7026D63-CF66-4F0E-8781-CB0039B03F3D}.Debug|x64.Build.0 = Debug|x64
		{B7026D63-CF66-4F0E-8781-CB0039B03F3D}.Debug|x86.ActiveCfg = Debug|x86
		{B7026D63-CF66-4F0E-8781-CB0039B03F3D}.Debug|x86.Build.0 = Debug|x86
		{B7026D63-CF66-4F0E-8781-CB0039B03F3D}.Release|Any CPU.ActiveCfg = Release|Any CPU
		{B7026D63-CF66-4F0E-8781-CB0039B03F3D}.Release|Any CPU.Build.0 = Release|Any CPU
		{B7026D63-CF66-4F0E-8781-CB0039B03F3D}.Release|Mixed Platforms.ActiveCfg = Release|Any CPU
		{B7026D63-CF66-4F0E-8781-CB0039B03F3D}.Release|Mixed Platforms.Build.0 = Release|Any CPU
		{B7026D63-CF66-4F0E-8781-CB0039B03F3D}.Release|x64.ActiveCfg = Release|x64
		{B7026D63-CF66-4F0E-8781-CB0039B03F3D}.Release|x64.Build.0 = Release|x64
		{B7026D63-CF66-4F0E-8781-CB0039B03F3D}.Release|x86.ActiveCfg = Release|x86
		{B7026D63-CF66-4F0E-8781-CB0039B03F3D}.Release|x86.Build.0 = Release|x86
		{A586114F-2020-42B5-A7FB-06B49D58A193}.Debug|Any CPU.ActiveCfg = Debug|Any CPU
		{A586114F-2020-42B5-A7FB-06B49D58A193}.Debug|Any CPU.Build.0 = Debug|Any CPU
		{A586114F-2020-42B5-A7FB-06B49D58A193}.Debug|Mixed Platforms.ActiveCfg = Debug|Any CPU
		{A586114F-2020-42B5-A7FB-06B49D58A193}.Debug|Mixed Platforms.Build.0 = Debug|Any CPU
		{A586114F-2020-42B5-A7FB-06B49D58A193}.Debug|x64.ActiveCfg = Debug|x64
		{A586114F-2020-42B5-A7FB-06B49D58A193}.Debug|x64.Build.0 = Debug|x64
		{A586114F-2020-42B5-A7FB-06B49D58A193}.Debug|x86.ActiveCfg = Debug|x86
		{A586114F-2020-42B5-A7FB-06B49D58A193}.Debug|x86.Build.0 = Debug|x86
		{A586114F-2020-42B5-A7FB-06B49D58A193}.Release|Any CPU.ActiveCfg = Release|Any CPU
		{A586114F-2020-42B5-A7FB-06B49D58A193}.Release|Any CPU.Build.0 = Release|Any CPU
		{A586114F-2020-42B5-A7FB-06B49D58A193}.Release|Mixed Platforms.ActiveCfg = Release|Any CPU
		{A586114F-2020-42B5-A7FB-06B49D58A193}.Release|Mixed Platforms.Build.0 = Release|Any CPU
		{A586114F-2020-42B5-A7FB-06B49D58A193}.Release|x64.ActiveCfg = Release|x64
		{A586114F-2020-42B5-A7FB-06B49D58A193}.Release|x64.Build.0 = Release|x64
		{A586114F-2020-42B5-A7FB-06B49D58A193}.Release|x86.ActiveCfg = Release|x86
		{A586114F-2020-42B5-A7FB-06B49D58A193}.Release|x86.Build.0 = Release|x86
		{62AB420B-D8C3-4A39-B352-4A6379F17AD1}.Debug|Any CPU.ActiveCfg = Debug|Any CPU
		{62AB420B-D8C3-4A39-B352-4A6379F17AD1}.Debug|Any CPU.Build.0 = Debug|Any CPU
		{62AB420B-D8C3-4A39-B352-4A6379F17AD1}.Debug|Mixed Platforms.ActiveCfg = Debug|Any CPU
		{62AB420B-D8C3-4A39-B352-4A6379F17AD1}.Debug|Mixed Platforms.Build.0 = Debug|Any CPU
		{62AB420B-D8C3-4A39-B352-4A6379F17AD1}.Debug|x64.ActiveCfg = Debug|x64
		{62AB420B-D8C3-4A39-B352-4A6379F17AD1}.Debug|x64.Build.0 = Debug|x64
		{62AB420B-D8C3-4A39-B352-4A6379F17AD1}.Debug|x86.ActiveCfg = Debug|x86
		{62AB420B-D8C3-4A39-B352-4A6379F17AD1}.Debug|x86.Build.0 = Debug|x86
		{62AB420B-D8C3-4A39-B352-4A6379F17AD1}.Release|Any CPU.ActiveCfg = Release|Any CPU
		{62AB420B-D8C3-4A39-B352-4A6379F17AD1}.Release|Any CPU.Build.0 = Release|Any CPU
		{62AB420B-D8C3-4A39-B352-4A6379F17AD1}.Release|Mixed Platforms.ActiveCfg = Release|Any CPU
		{62AB420B-D8C3-4A39-B352-4A6379F17AD1}.Release|Mixed Platforms.Build.0 = Release|Any CPU
		{62AB420B-D8C3-4A39-B352-4A6379F17AD1}.Release|x64.ActiveCfg = Release|x64
		{62AB420B-D8C3-4A39-B352-4A6379F17AD1}.Release|x64.Build.0 = Release|x64
		{62AB420B-D8C3-4A39-B352-4A6379F17AD1}.Release|x86.ActiveCfg = Release|x86
		{62AB420B-D8C3-4A39-B352-4A6379F17AD1}.Release|x86.Build.0 = Release|x86
		{2AEFEDAF-C033-4DC1-A344-5D0CC491C77B}.Debug|Any CPU.ActiveCfg = Debug|Any CPU
		{2AEFEDAF-C033-4DC1-A344-5D0CC491C77B}.Debug|Any CPU.Build.0 = Debug|Any CPU
		{2AEFEDAF-C033-4DC1-A344-5D0CC491C77B}.Debug|Mixed Platforms.ActiveCfg = Debug|x86
		{2AEFEDAF-C033-4DC1-A344-5D0CC491C77B}.Debug|Mixed Platforms.Build.0 = Debug|x86
		{2AEFEDAF-C033-4DC1-A344-5D0CC491C77B}.Debug|x64.ActiveCfg = Debug|x64
		{2AEFEDAF-C033-4DC1-A344-5D0CC491C77B}.Debug|x64.Build.0 = Debug|x64
		{2AEFEDAF-C033-4DC1-A344-5D0CC491C77B}.Debug|x86.ActiveCfg = Debug|x86
		{2AEFEDAF-C033-4DC1-A344-5D0CC491C77B}.Debug|x86.Build.0 = Debug|x86
		{2AEFEDAF-C033-4DC1-A344-5D0CC491C77B}.Release|Any CPU.ActiveCfg = Release|Any CPU
		{2AEFEDAF-C033-4DC1-A344-5D0CC491C77B}.Release|Any CPU.Build.0 = Release|Any CPU
		{2AEFEDAF-C033-4DC1-A344-5D0CC491C77B}.Release|Mixed Platforms.ActiveCfg = Release|x86
		{2AEFEDAF-C033-4DC1-A344-5D0CC491C77B}.Release|Mixed Platforms.Build.0 = Release|x86
		{2AEFEDAF-C033-4DC1-A344-5D0CC491C77B}.Release|x64.ActiveCfg = Release|x64
		{2AEFEDAF-C033-4DC1-A344-5D0CC491C77B}.Release|x64.Build.0 = Release|x64
		{2AEFEDAF-C033-4DC1-A344-5D0CC491C77B}.Release|x86.ActiveCfg = Release|x86
		{2AEFEDAF-C033-4DC1-A344-5D0CC491C77B}.Release|x86.Build.0 = Release|x86
		{B8661FC0-252E-4905-ADB6-6B5F22811756}.Debug|Any CPU.ActiveCfg = Debug|Any CPU
		{B8661FC0-252E-4905-ADB6-6B5F22811756}.Debug|Any CPU.Build.0 = Debug|Any CPU
		{B8661FC0-252E-4905-ADB6-6B5F22811756}.Debug|Mixed Platforms.ActiveCfg = Debug|Any CPU
		{B8661FC0-252E-4905-ADB6-6B5F22811756}.Debug|Mixed Platforms.Build.0 = Debug|Any CPU
		{B8661FC0-252E-4905-ADB6-6B5F22811756}.Debug|x64.ActiveCfg = Debug|x64
		{B8661FC0-252E-4905-ADB6-6B5F22811756}.Debug|x64.Build.0 = Debug|x64
		{B8661FC0-252E-4905-ADB6-6B5F22811756}.Debug|x86.ActiveCfg = Debug|x86
		{B8661FC0-252E-4905-ADB6-6B5F22811756}.Debug|x86.Build.0 = Debug|x86
		{B8661FC0-252E-4905-ADB6-6B5F22811756}.Release|Any CPU.ActiveCfg = Release|Any CPU
		{B8661FC0-252E-4905-ADB6-6B5F22811756}.Release|Any CPU.Build.0 = Release|Any CPU
		{B8661FC0-252E-4905-ADB6-6B5F22811756}.Release|Mixed Platforms.ActiveCfg = Release|Any CPU
		{B8661FC0-252E-4905-ADB6-6B5F22811756}.Release|Mixed Platforms.Build.0 = Release|Any CPU
		{B8661FC0-252E-4905-ADB6-6B5F22811756}.Release|x64.ActiveCfg = Release|x64
		{B8661FC0-252E-4905-ADB6-6B5F22811756}.Release|x64.Build.0 = Release|x64
		{B8661FC0-252E-4905-ADB6-6B5F22811756}.Release|x86.ActiveCfg = Release|x86
		{B8661FC0-252E-4905-ADB6-6B5F22811756}.Release|x86.Build.0 = Release|x86
		{992F79F9-10BE-4B62-BCC0-FCA257F18286}.Debug|Any CPU.ActiveCfg = Debug|Any CPU
		{992F79F9-10BE-4B62-BCC0-FCA257F18286}.Debug|Any CPU.Build.0 = Debug|Any CPU
		{992F79F9-10BE-4B62-BCC0-FCA257F18286}.Debug|Mixed Platforms.ActiveCfg = Debug|Any CPU
		{992F79F9-10BE-4B62-BCC0-FCA257F18286}.Debug|Mixed Platforms.Build.0 = Debug|Any CPU
		{992F79F9-10BE-4B62-BCC0-FCA257F18286}.Debug|x64.ActiveCfg = Debug|x64
		{992F79F9-10BE-4B62-BCC0-FCA257F18286}.Debug|x64.Build.0 = Debug|x64
		{992F79F9-10BE-4B62-BCC0-FCA257F18286}.Debug|x86.ActiveCfg = Debug|x86
		{992F79F9-10BE-4B62-BCC0-FCA257F18286}.Debug|x86.Build.0 = Debug|x86
		{992F79F9-10BE-4B62-BCC0-FCA257F18286}.Release|Any CPU.ActiveCfg = Release|Any CPU
		{992F79F9-10BE-4B62-BCC0-FCA257F18286}.Release|Any CPU.Build.0 = Release|Any CPU
		{992F79F9-10BE-4B62-BCC0-FCA257F18286}.Release|Mixed Platforms.ActiveCfg = Release|Any CPU
		{992F79F9-10BE-4B62-BCC0-FCA257F18286}.Release|Mixed Platforms.Build.0 = Release|Any CPU
		{992F79F9-10BE-4B62-BCC0-FCA257F18286}.Release|x64.ActiveCfg = Release|x64
		{992F79F9-10BE-4B62-BCC0-FCA257F18286}.Release|x64.Build.0 = Release|x64
		{992F79F9-10BE-4B62-BCC0-FCA257F18286}.Release|x86.ActiveCfg = Release|x86
		{992F79F9-10BE-4B62-BCC0-FCA257F18286}.Release|x86.Build.0 = Release|x86
		{2A246E44-2809-445B-B9CA-D29AAAA9B1FB}.Debug|Any CPU.ActiveCfg = Debug|x86
		{2A246E44-2809-445B-B9CA-D29AAAA9B1FB}.Debug|Mixed Platforms.ActiveCfg = Debug|x86
		{2A246E44-2809-445B-B9CA-D29AAAA9B1FB}.Debug|Mixed Platforms.Build.0 = Debug|x86
		{2A246E44-2809-445B-B9CA-D29AAAA9B1FB}.Debug|x64.ActiveCfg = Debug|x64
		{2A246E44-2809-445B-B9CA-D29AAAA9B1FB}.Debug|x64.Build.0 = Debug|x64
		{2A246E44-2809-445B-B9CA-D29AAAA9B1FB}.Debug|x86.ActiveCfg = Debug|x86
		{2A246E44-2809-445B-B9CA-D29AAAA9B1FB}.Debug|x86.Build.0 = Debug|x86
		{2A246E44-2809-445B-B9CA-D29AAAA9B1FB}.Release|Any CPU.ActiveCfg = Release|x86
		{2A246E44-2809-445B-B9CA-D29AAAA9B1FB}.Release|Mixed Platforms.ActiveCfg = Release|x86
		{2A246E44-2809-445B-B9CA-D29AAAA9B1FB}.Release|Mixed Platforms.Build.0 = Release|x86
		{2A246E44-2809-445B-B9CA-D29AAAA9B1FB}.Release|x64.ActiveCfg = Release|x64
		{2A246E44-2809-445B-B9CA-D29AAAA9B1FB}.Release|x64.Build.0 = Release|x64
		{2A246E44-2809-445B-B9CA-D29AAAA9B1FB}.Release|x86.ActiveCfg = Release|x86
		{2A246E44-2809-445B-B9CA-D29AAAA9B1FB}.Release|x86.Build.0 = Release|x86
		{0F5AD584-0BDC-4D1C-B711-B82453A7979F}.Debug|Any CPU.ActiveCfg = Debug|x86
		{0F5AD584-0BDC-4D1C-B711-B82453A7979F}.Debug|Mixed Platforms.ActiveCfg = Debug|x86
		{0F5AD584-0BDC-4D1C-B711-B82453A7979F}.Debug|Mixed Platforms.Build.0 = Debug|x86
		{0F5AD584-0BDC-4D1C-B711-B82453A7979F}.Debug|x64.ActiveCfg = Debug|x64
		{0F5AD584-0BDC-4D1C-B711-B82453A7979F}.Debug|x64.Build.0 = Debug|x64
		{0F5AD584-0BDC-4D1C-B711-B82453A7979F}.Debug|x86.ActiveCfg = Debug|x86
		{0F5AD584-0BDC-4D1C-B711-B82453A7979F}.Debug|x86.Build.0 = Debug|x86
		{0F5AD584-0BDC-4D1C-B711-B82453A7979F}.Release|Any CPU.ActiveCfg = Release|x86
		{0F5AD584-0BDC-4D1C-B711-B82453A7979F}.Release|Mixed Platforms.ActiveCfg = Release|x86
		{0F5AD584-0BDC-4D1C-B711-B82453A7979F}.Release|Mixed Platforms.Build.0 = Release|x86
		{0F5AD584-0BDC-4D1C-B711-B82453A7979F}.Release|x64.ActiveCfg = Release|x64
		{0F5AD584-0BDC-4D1C-B711-B82453A7979F}.Release|x64.Build.0 = Release|x64
		{0F5AD584-0BDC-4D1C-B711-B82453A7979F}.Release|x86.ActiveCfg = Release|x86
		{0F5AD584-0BDC-4D1C-B711-B82453A7979F}.Release|x86.Build.0 = Release|x86
		{7D2EF452-5DDB-4E71-88CC-B5641B0A4F19}.Debug|Any CPU.ActiveCfg = Debug|Any CPU
		{7D2EF452-5DDB-4E71-88CC-B5641B0A4F19}.Debug|Any CPU.Build.0 = Debug|Any CPU
		{7D2EF452-5DDB-4E71-88CC-B5641B0A4F19}.Debug|Mixed Platforms.ActiveCfg = Debug|x64
		{7D2EF452-5DDB-4E71-88CC-B5641B0A4F19}.Debug|Mixed Platforms.Build.0 = Debug|x64
		{7D2EF452-5DDB-4E71-88CC-B5641B0A4F19}.Debug|x64.ActiveCfg = Debug|x64
		{7D2EF452-5DDB-4E71-88CC-B5641B0A4F19}.Debug|x64.Build.0 = Debug|x64
		{7D2EF452-5DDB-4E71-88CC-B5641B0A4F19}.Debug|x86.ActiveCfg = Debug|x86
		{7D2EF452-5DDB-4E71-88CC-B5641B0A4F19}.Debug|x86.Build.0 = Debug|x86
		{7D2EF452-5DDB-4E71-88CC-B5641B0A4F19}.Release|Any CPU.ActiveCfg = Release|Any CPU
		{7D2EF452-5DDB-4E71-88CC-B5641B0A4F19}.Release|Any CPU.Build.0 = Release|Any CPU
		{7D2EF452-5DDB-4E71-88CC-B5641B0A4F19}.Release|Mixed Platforms.ActiveCfg = Release|x64
		{7D2EF452-5DDB-4E71-88CC-B5641B0A4F19}.Release|Mixed Platforms.Build.0 = Release|x64
		{7D2EF452-5DDB-4E71-88CC-B5641B0A4F19}.Release|x64.ActiveCfg = Release|x64
		{7D2EF452-5DDB-4E71-88CC-B5641B0A4F19}.Release|x64.Build.0 = Release|x64
		{7D2EF452-5DDB-4E71-88CC-B5641B0A4F19}.Release|x86.ActiveCfg = Release|x86
		{7D2EF452-5DDB-4E71-88CC-B5641B0A4F19}.Release|x86.Build.0 = Release|x86
		{40BFFAD1-3370-444A-A75F-CFE93909BF39}.Debug|Any CPU.ActiveCfg = Debug|Any CPU
		{40BFFAD1-3370-444A-A75F-CFE93909BF39}.Debug|Any CPU.Build.0 = Debug|Any CPU
		{40BFFAD1-3370-444A-A75F-CFE93909BF39}.Debug|Mixed Platforms.ActiveCfg = Debug|x64
		{40BFFAD1-3370-444A-A75F-CFE93909BF39}.Debug|Mixed Platforms.Build.0 = Debug|x64
		{40BFFAD1-3370-444A-A75F-CFE93909BF39}.Debug|x64.ActiveCfg = Debug|x64
		{40BFFAD1-3370-444A-A75F-CFE93909BF39}.Debug|x64.Build.0 = Debug|x64
		{40BFFAD1-3370-444A-A75F-CFE93909BF39}.Debug|x86.ActiveCfg = Debug|x86
		{40BFFAD1-3370-444A-A75F-CFE93909BF39}.Debug|x86.Build.0 = Debug|x86
		{40BFFAD1-3370-444A-A75F-CFE93909BF39}.Release|Any CPU.ActiveCfg = Release|Any CPU
		{40BFFAD1-3370-444A-A75F-CFE93909BF39}.Release|Any CPU.Build.0 = Release|Any CPU
		{40BFFAD1-3370-444A-A75F-CFE93909BF39}.Release|Mixed Platforms.ActiveCfg = Release|x64
		{40BFFAD1-3370-444A-A75F-CFE93909BF39}.Release|Mixed Platforms.Build.0 = Release|x64
		{40BFFAD1-3370-444A-A75F-CFE93909BF39}.Release|x64.ActiveCfg = Release|x64
		{40BFFAD1-3370-444A-A75F-CFE93909BF39}.Release|x64.Build.0 = Release|x64
		{40BFFAD1-3370-444A-A75F-CFE93909BF39}.Release|x86.ActiveCfg = Release|x86
		{40BFFAD1-3370-444A-A75F-CFE93909BF39}.Release|x86.Build.0 = Release|x86
	EndGlobalSection
	GlobalSection(SolutionProperties) = preSolution
		HideSolutionNode = FALSE
	EndGlobalSection
	GlobalSection(NestedProjects) = preSolution
		{A0691BDC-9363-4186-9348-7B4C4F15FC05} = {05B867D6-B78E-4CC3-83A3-CA9113FB2DC0}
		{A48922BC-5085-4E8F-A66F-1E38AF0B16FE} = {05B867D6-B78E-4CC3-83A3-CA9113FB2DC0}
		{E9B97911-80D4-41A0-B27A-43571A67A0BB} = {05B867D6-B78E-4CC3-83A3-CA9113FB2DC0}
		{955C2BC2-AE22-45C8-8436-6DE03EB78D54} = {05B867D6-B78E-4CC3-83A3-CA9113FB2DC0}
		{B6D5EF00-3177-4E2F-9BF7-1AEC6B8FE2E7} = {05B867D6-B78E-4CC3-83A3-CA9113FB2DC0}
		{2A246E44-2809-445B-B9CA-D29AAAA9B1FB} = {05B867D6-B78E-4CC3-83A3-CA9113FB2DC0}
		{0F5AD584-0BDC-4D1C-B711-B82453A7979F} = {05B867D6-B78E-4CC3-83A3-CA9113FB2DC0}
		{7D2EF452-5DDB-4E71-88CC-B5641B0A4F19} = {05B867D6-B78E-4CC3-83A3-CA9113FB2DC0}
		{40BFFAD1-3370-444A-A75F-CFE93909BF39} = {05B867D6-B78E-4CC3-83A3-CA9113FB2DC0}
		{A243D409-B26E-421F-8CAA-4A7CFCB49C60} = {84ACB0FB-A43E-46F9-93FB-96310E64E239}
	EndGlobalSection
EndGlobal
